
Microsoft Visual Studio Solution File, Format Version 12.00
# Visual Studio Version 17
VisualStudioVersion = 17.5.33530.505
MinimumVisualStudioVersion = 10.0.40219.1
Project("{FAE04EC0-301F-11D3-BF4B-00C04F79EFBC}") = "EisenhowerMatrix", "EisenhowerMatrix\EisenhowerMatrix.csproj", "{F1E8B94F-4BB3-4F62-8F3D-A361422C5327}"
EndProject
Global
	GlobalSection(SolutionConfigurationPlatforms) = preSolution
		Debug|Any CPU = Debug|Any CPU
		Release|Any CPU = Release|Any CPU
	EndGlobalSection
	GlobalSection(ProjectConfigurationPlatforms) = postSolution
		{F1E8B94F-4BB3-4F62-8F3D-A361422C5327}.Debug|Any CPU.ActiveCfg = Debug|Any CPU
		{F1E8B94F-4BB3-4F62-8F3D-A361422C5327}.Debug|Any CPU.Build.0 = Debug|Any CPU
		{F1E8B94F-4BB3-4F62-8F3D-A361422C5327}.Release|Any CPU.ActiveCfg = Release|Any CPU
		{F1E8B94F-4BB3-4F62-8F3D-A361422C5327}.Release|Any CPU.Build.0 = Release|Any CPU
	EndGlobalSection
	GlobalSection(SolutionProperties) = preSolution
		HideSolutionNode = FALSE
	EndGlobalSection
	GlobalSection(ExtensibilityGlobals) = postSolution
		SolutionGuid = {99004E54-9CAE-44FB-964F-491E29C5EF48}
	EndGlobalSection
EndGlobal
